
Microsoft Visual Studio Solution File, Format Version 12.00
# Visual Studio Version 16
VisualStudioVersion = 16.0.31112.23
MinimumVisualStudioVersion = 10.0.40219.1
Project("{FAE04EC0-301F-11D3-BF4B-00C04F79EFBC}") = "Jogo da Velha", "Jogo da Velha\Jogo da Velha.csproj", "{1922F045-7162-4378-9A30-C70057E05A6A}"
EndProject
Global
	GlobalSection(SolutionConfigurationPlatforms) = preSolution
		Debug|Any CPU = Debug|Any CPU
		Release|Any CPU = Release|Any CPU
	EndGlobalSection
	GlobalSection(ProjectConfigurationPlatforms) = postSolution
		{1922F045-7162-4378-9A30-C70057E05A6A}.Debug|Any CPU.ActiveCfg = Debug|Any CPU
		{1922F045-7162-4378-9A30-C70057E05A6A}.Debug|Any CPU.Build.0 = Debug|Any CPU
		{1922F045-7162-4378-9A30-C70057E05A6A}.Release|Any CPU.ActiveCfg = Release|Any CPU
		{1922F045-7162-4378-9A30-C70057E05A6A}.Release|Any CPU.Build.0 = Release|Any CPU
	EndGlobalSection
	GlobalSection(SolutionProperties) = preSolution
		HideSolutionNode = FALSE
	EndGlobalSection
	GlobalSection(ExtensibilityGlobals) = postSolution
		SolutionGuid = {311308D2-2889-403B-BDDF-0B76B895510C}
	EndGlobalSection
EndGlobal
