
Microsoft Visual Studio Solution File, Format Version 12.00
# Visual Studio Version 16
VisualStudioVersion = 16.0.31112.23
MinimumVisualStudioVersion = 10.0.40219.1
Project("{FAE04EC0-301F-11D3-BF4B-00C04F79EFBC}") = "Adivinhe se Poder", "Adivinhe se Poder\Adivinhe se Poder.csproj", "{F6DA2C8C-3FAA-42F8-818F-A8A5DC3783A5}"
EndProject
Global
	GlobalSection(SolutionConfigurationPlatforms) = preSolution
		Debug|Any CPU = Debug|Any CPU
		Release|Any CPU = Release|Any CPU
	EndGlobalSection
	GlobalSection(ProjectConfigurationPlatforms) = postSolution
		{F6DA2C8C-3FAA-42F8-818F-A8A5DC3783A5}.Debug|Any CPU.ActiveCfg = Debug|Any CPU
		{F6DA2C8C-3FAA-42F8-818F-A8A5DC3783A5}.Debug|Any CPU.Build.0 = Debug|Any CPU
		{F6DA2C8C-3FAA-42F8-818F-A8A5DC3783A5}.Release|Any CPU.ActiveCfg = Release|Any CPU
		{F6DA2C8C-3FAA-42F8-818F-A8A5DC3783A5}.Release|Any CPU.Build.0 = Release|Any CPU
	EndGlobalSection
	GlobalSection(SolutionProperties) = preSolution
		HideSolutionNode = FALSE
	EndGlobalSection
	GlobalSection(ExtensibilityGlobals) = postSolution
		SolutionGuid = {FDD28296-A496-4530-A6CF-478084D3AEA8}
	EndGlobalSection
EndGlobal
