
Microsoft Visual Studio Solution File, Format Version 12.00
# Visual Studio Version 16
VisualStudioVersion = 16.0.31112.23
MinimumVisualStudioVersion = 10.0.40219.1
Project("{FAE04EC0-301F-11D3-BF4B-00C04F79EFBC}") = "Jogo da Velha", "Jogo da Velha\Jogo da Velha.csproj", "{FEA44D6A-F552-4A47-A330-D526EFD7DF68}"
EndProject
Global
	GlobalSection(SolutionConfigurationPlatforms) = preSolution
		Debug|Any CPU = Debug|Any CPU
		Release|Any CPU = Release|Any CPU
	EndGlobalSection
	GlobalSection(ProjectConfigurationPlatforms) = postSolution
		{FEA44D6A-F552-4A47-A330-D526EFD7DF68}.Debug|Any CPU.ActiveCfg = Debug|Any CPU
		{FEA44D6A-F552-4A47-A330-D526EFD7DF68}.Debug|Any CPU.Build.0 = Debug|Any CPU
		{FEA44D6A-F552-4A47-A330-D526EFD7DF68}.Release|Any CPU.ActiveCfg = Release|Any CPU
		{FEA44D6A-F552-4A47-A330-D526EFD7DF68}.Release|Any CPU.Build.0 = Release|Any CPU
	EndGlobalSection
	GlobalSection(SolutionProperties) = preSolution
		HideSolutionNode = FALSE
	EndGlobalSection
	GlobalSection(ExtensibilityGlobals) = postSolution
		SolutionGuid = {89AD3BCE-AB00-47F5-952E-9E4C15040ABF}
	EndGlobalSection
EndGlobal
